{
  "version": 4,
  "terraform_version": "1.11.1",
  "serial": 59,
  "lineage": "f7042069-948b-dc73-b2d6-545948303824",
  "outputs": {
    "debug_keypair": {
      "value": "hometasker-key",
      "type": "string"
    },
    "instance_ip": {
      "value": "3.124.188.236",
      "type": "string"
    }
  },
  "resources": [
    {
      "mode": "managed",
      "type": "aws_lightsail_instance",
      "name": "app_server",
      "provider": "provider[\"registry.terraform.io/hashicorp/aws\"]",
      "instances": [
        {
          "schema_version": 0,
          "attributes": {
            "add_on": [],
            "arn": "arn:aws:lightsail:eu-central-1:992382438791:Instance/3d65ef75-aab0-4c08-8569-6c5976628304",
            "availability_zone": "eu-central-1a",
            "blueprint_id": "ubuntu_22_04",
            "bundle_id": "small_2_0",
            "cpu_count": 1,
            "created_at": "2025-07-21T14:07:07Z",
            "id": "hometasker-app",
            "ip_address_type": "dualstack",
            "ipv6_addresses": [
              "2a05:d014:8cb:f100:fe19:3ffe:7c7f:91c2"
            ],
            "is_static_ip": false,
            "key_pair_name": "hometasker-key",
            "name": "hometasker-app",
            "private_ip_address": "172.26.4.153",
            "public_ip_address": "3.124.188.236",
            "ram_size": 2,
            "tags": {
              "Name": "hometasker-app"
            },
            "tags_all": {
              "Name": "hometasker-app"
            },
            "user_data": "#!/bin/bash\nset -e\n\napt-get update\napt-get install -y docker.io git curl\n\nsystemctl enable docker\nsystemctl start docker\nusermod -aG docker ubuntu\n\nDOCKER_COMPOSE_VERSION=\"2.24.6\"\ncurl -SL \"https://github.com/docker/compose/releases/download/v${DOCKER_COMPOSE_VERSION}/docker-compose-linux-x86_64\" \\\n  -o /usr/local/bin/docker-compose\nchmod +x /usr/local/bin/docker-compose\nln -sf /usr/local/bin/docker-compose /usr/bin/docker-compose\n\ncd /home/ubuntu\n\ngit clone https://github.com/vrao27/hometasker.git || true\ncat \u003c\u003cEOF \u003e hometasker/.env\nPORT=5000\nNODE_ENV=development\nDB_URI=mongodb://localhost:27017/hometaskerDB\nTOKEN_SECRET=$(head -c 32 /dev/urandom | base64)\nEOF\nchown -R ubuntu:ubuntu hometasker\n\nexport DOCKERHUB_USERNAME=\"satchrao\"\nexport VERSION=\"v3\"\n\ncd hometasker\ndocker-compose pull\ndocker-compose up -d\n\ndocker ps -a\n",
            "username": "ubuntu"
          },
          "sensitive_attributes": [],
          "private": "bnVsbA=="
        }
      ]
    },
    {
      "mode": "managed",
      "type": "aws_lightsail_instance_public_ports",
      "name": "web",
      "provider": "provider[\"registry.terraform.io/hashicorp/aws\"]",
      "instances": [
        {
          "schema_version": 0,
          "attributes": {
            "id": "hometasker-app-1421794143",
            "instance_name": "hometasker-app",
            "port_info": [
              {
                "cidr_list_aliases": [],
                "cidrs": [
                  "0.0.0.0/0"
                ],
                "from_port": 22,
                "ipv6_cidrs": [
                  "::/0"
                ],
                "protocol": "tcp",
                "to_port": 22
              },
              {
                "cidr_list_aliases": [],
                "cidrs": [
                  "0.0.0.0/0"
                ],
                "from_port": 443,
                "ipv6_cidrs": [
                  "::/0"
                ],
                "protocol": "tcp",
                "to_port": 443
              },
              {
                "cidr_list_aliases": [],
                "cidrs": [
                  "0.0.0.0/0"
                ],
                "from_port": 80,
                "ipv6_cidrs": [
                  "::/0"
                ],
                "protocol": "tcp",
                "to_port": 80
              }
            ]
          },
          "sensitive_attributes": [],
          "private": "bnVsbA==",
          "dependencies": [
            "aws_lightsail_instance.app_server"
          ]
        }
      ]
    }
  ],
  "check_results": null
}
