{
  "version": 4,
  "terraform_version": "1.11.1",
  "serial": 142,
  "lineage": "f7042069-948b-dc73-b2d6-545948303824",
  "outputs": {
    "debug_keypair": {
      "value": "hometasker-key",
      "type": "string"
    },
    "instance_ip": {
      "value": "18.192.107.210",
      "type": "string"
    }
  },
  "resources": [
    {
      "mode": "managed",
      "type": "aws_lightsail_instance",
      "name": "app_server",
      "provider": "provider[\"registry.terraform.io/hashicorp/aws\"]",
      "instances": [
        {
          "status": "tainted",
          "schema_version": 0,
          "attributes": {
            "add_on": [],
            "arn": "arn:aws:lightsail:eu-central-1:992382438791:Instance/b3a49231-6888-4431-8eb7-3ae48f9d3d58",
            "availability_zone": "eu-central-1a",
            "blueprint_id": "ubuntu_22_04",
            "bundle_id": "small_2_0",
            "cpu_count": 1,
            "created_at": "2025-07-23T10:59:20Z",
            "id": "hometasker-app",
            "ip_address_type": "dualstack",
            "ipv6_addresses": [
              "2a05:d014:8cb:f100:7e2e:6813:e44d:39d3"
            ],
            "is_static_ip": false,
            "key_pair_name": "hometasker-key",
            "name": "hometasker-app",
            "private_ip_address": "172.26.12.103",
            "public_ip_address": "3.65.205.204",
            "ram_size": 2,
            "tags": {
              "Name": "hometasker-app"
            },
            "tags_all": {
              "Name": "hometasker-app"
            },
            "user_data": null,
            "username": "ubuntu"
          },
          "sensitive_attributes": [],
          "private": "bnVsbA=="
        }
      ]
    }
  ],
  "check_results": null
}
